
Microsoft Visual Studio Solution File, Format Version 12.00
# Visual Studio Version 17
VisualStudioVersion = 17.11.35222.181
MinimumVisualStudioVersion = 10.0.40219.1
Project("{FAE04EC0-301F-11D3-BF4B-00C04F79EFBC}") = "QueenDoom", "QueenDoom\QueenDoom.csproj", "{D35233BE-4AC7-4352-A1EA-C66D2C07CCAB}"
EndProject
Project("{2150E333-8FDC-42A3-9474-1A3956D46DE8}") = "Solution Items", "Solution Items", "{8874D50C-2657-4288-A2E5-AD2F46551003}"
EndProject
Global
	GlobalSection(SolutionConfigurationPlatforms) = preSolution
		Debug|Any CPU = Debug|Any CPU
		Release|Any CPU = Release|Any CPU
	EndGlobalSection
	GlobalSection(ProjectConfigurationPlatforms) = postSolution
		{D35233BE-4AC7-4352-A1EA-C66D2C07CCAB}.Debug|Any CPU.ActiveCfg = Debug|Any CPU
		{D35233BE-4AC7-4352-A1EA-C66D2C07CCAB}.Debug|Any CPU.Build.0 = Debug|Any CPU
		{D35233BE-4AC7-4352-A1EA-C66D2C07CCAB}.Release|Any CPU.ActiveCfg = Release|Any CPU
		{D35233BE-4AC7-4352-A1EA-C66D2C07CCAB}.Release|Any CPU.Build.0 = Release|Any CPU
	EndGlobalSection
	GlobalSection(SolutionProperties) = preSolution
		HideSolutionNode = FALSE
	EndGlobalSection
	GlobalSection(NestedProjects) = preSolution
		{D35233BE-4AC7-4352-A1EA-C66D2C07CCAB} = {8874D50C-2657-4288-A2E5-AD2F46551003}
	EndGlobalSection
	GlobalSection(ExtensibilityGlobals) = postSolution
		SolutionGuid = {E9E58664-473B-45DE-B590-53CD98CB8E7A}
	EndGlobalSection
EndGlobal
